// !$*UTF8*$!
{
	archiveVersion = 1;
	classes = {
	};
	objectVersion = 48;
	objects = {

/* Begin PBXBuildFile section */
		8C109B3320E4A3140085FC42 /* EventViewController.swift in Sources */ = {isa = PBXBuildFile; fileRef = 8C109B3220E4A3140085FC42 /* EventViewController.swift */; };
		8C109B3520E4A5E60085FC42 /* LoginViewController.swift in Sources */ = {isa = PBXBuildFile; fileRef = 8C109B3420E4A5E60085FC42 /* LoginViewController.swift */; };
		8C96548C20E499920020D133 /* AppDelegate.swift in Sources */ = {isa = PBXBuildFile; fileRef = 8C96548B20E499920020D133 /* AppDelegate.swift */; };
		8C96548E20E499920020D133 /* MonthViewController.swift in Sources */ = {isa = PBXBuildFile; fileRef = 8C96548D20E499920020D133 /* MonthViewController.swift */; };
		8C96549120E499920020D133 /* Main.storyboard in Resources */ = {isa = PBXBuildFile; fileRef = 8C96548F20E499920020D133 /* Main.storyboard */; };
		8C96549420E499920020D133 /* Spottp_Calendar.xcdatamodeld in Sources */ = {isa = PBXBuildFile; fileRef = 8C96549220E499920020D133 /* Spottp_Calendar.xcdatamodeld */; };
		8C96549620E499920020D133 /* Assets.xcassets in Resources */ = {isa = PBXBuildFile; fileRef = 8C96549520E499920020D133 /* Assets.xcassets */; };
		8C96549920E499920020D133 /* LaunchScreen.storyboard in Resources */ = {isa = PBXBuildFile; fileRef = 8C96549720E499920020D133 /* LaunchScreen.storyboard */; };
		8CA093AE20E8781800EE526E /* DayViewController.swift in Sources */ = {isa = PBXBuildFile; fileRef = 8CA093AD20E8781700EE526E /* DayViewController.swift */; };
		8CE0178820E5EAF800B0BA7E /* DayCollectionViewCell.swift in Sources */ = {isa = PBXBuildFile; fileRef = 8CE0178720E5EAF800B0BA7E /* DayCollectionViewCell.swift */; };
		8CEE74C020E4AA8A002307CB /* GoogleService-Info.plist in Resources */ = {isa = PBXBuildFile; fileRef = 8CEE74BF20E4AA8A002307CB /* GoogleService-Info.plist */; };
		BFF5E1D2860D35D7275AA950 /* Pods_Spottp_Calendar.framework in Frameworks */ = {isa = PBXBuildFile; fileRef = EEB2342AB59DB9AAD3936953 /* Pods_Spottp_Calendar.framework */; };
/* End PBXBuildFile section */

/* Begin PBXFileReference section */
		872F4B54C500E955273984D4 /* Pods-Spottp Calendar.release.xcconfig */ = {isa = PBXFileReference; includeInIndex = 1; lastKnownFileType = text.xcconfig; name = "Pods-Spottp Calendar.release.xcconfig"; path = "Pods/Target Support Files/Pods-Spottp Calendar/Pods-Spottp Calendar.release.xcconfig"; sourceTree = "<group>"; };
		8C109B3220E4A3140085FC42 /* EventViewController.swift */ = {isa = PBXFileReference; lastKnownFileType = sourcecode.swift; path = EventViewController.swift; sourceTree = "<group>"; };
		8C109B3420E4A5E60085FC42 /* LoginViewController.swift */ = {isa = PBXFileReference; lastKnownFileType = sourcecode.swift; path = LoginViewController.swift; sourceTree = "<group>"; };
		8C96548820E499910020D133 /* Spottp Calendar.app */ = {isa = PBXFileReference; explicitFileType = wrapper.application; includeInIndex = 0; path = "Spottp Calendar.app"; sourceTree = BUILT_PRODUCTS_DIR; };
		8C96548B20E499920020D133 /* AppDelegate.swift */ = {isa = PBXFileReference; lastKnownFileType = sourcecode.swift; path = AppDelegate.swift; sourceTree = "<group>"; };
		8C96548D20E499920020D133 /* MonthViewController.swift */ = {isa = PBXFileReference; lastKnownFileType = sourcecode.swift; path = MonthViewController.swift; sourceTree = "<group>"; };
		8C96549020E499920020D133 /* Base */ = {isa = PBXFileReference; lastKnownFileType = file.storyboard; name = Base; path = Base.lproj/Main.storyboard; sourceTree = "<group>"; };
		8C96549320E499920020D133 /* Spottp_Calendar.xcdatamodel */ = {isa = PBXFileReference; lastKnownFileType = wrapper.xcdatamodel; path = Spottp_Calendar.xcdatamodel; sourceTree = "<group>"; };
		8C96549520E499920020D133 /* Assets.xcassets */ = {isa = PBXFileReference; lastKnownFileType = folder.assetcatalog; path = Assets.xcassets; sourceTree = "<group>"; };
		8C96549820E499920020D133 /* Base */ = {isa = PBXFileReference; lastKnownFileType = file.storyboard; name = Base; path = Base.lproj/LaunchScreen.storyboard; sourceTree = "<group>"; };
		8C96549A20E499920020D133 /* Info.plist */ = {isa = PBXFileReference; lastKnownFileType = text.plist.xml; path = Info.plist; sourceTree = "<group>"; };
		8CA093AD20E8781700EE526E /* DayViewController.swift */ = {isa = PBXFileReference; lastKnownFileType = sourcecode.swift; path = DayViewController.swift; sourceTree = "<group>"; };
		8CE0178720E5EAF800B0BA7E /* DayCollectionViewCell.swift */ = {isa = PBXFileReference; lastKnownFileType = sourcecode.swift; path = DayCollectionViewCell.swift; sourceTree = "<group>"; };
		8CEE74BF20E4AA8A002307CB /* GoogleService-Info.plist */ = {isa = PBXFileReference; fileEncoding = 4; lastKnownFileType = text.plist.xml; path = "GoogleService-Info.plist"; sourceTree = "<group>"; };
		9FA1065BEBB667DA7BCB362C /* Pods-Spottp Calendar.debug.xcconfig */ = {isa = PBXFileReference; includeInIndex = 1; lastKnownFileType = text.xcconfig; name = "Pods-Spottp Calendar.debug.xcconfig"; path = "Pods/Target Support Files/Pods-Spottp Calendar/Pods-Spottp Calendar.debug.xcconfig"; sourceTree = "<group>"; };
		EEB2342AB59DB9AAD3936953 /* Pods_Spottp_Calendar.framework */ = {isa = PBXFileReference; explicitFileType = wrapper.framework; includeInIndex = 0; path = Pods_Spottp_Calendar.framework; sourceTree = BUILT_PRODUCTS_DIR; };
/* End PBXFileReference section */

/* Begin PBXFrameworksBuildPhase section */
		8C96548520E499910020D133 /* Frameworks */ = {
			isa = PBXFrameworksBuildPhase;
			buildActionMask = 2147483647;
			files = (
				BFF5E1D2860D35D7275AA950 /* Pods_Spottp_Calendar.framework in Frameworks */,
			);
			runOnlyForDeploymentPostprocessing = 0;
		};
/* End PBXFrameworksBuildPhase section */

/* Begin PBXGroup section */
		30A867CF4FF5E82CFCDC0660 /* Pods */ = {
			isa = PBXGroup;
			children = (
				9FA1065BEBB667DA7BCB362C /* Pods-Spottp Calendar.debug.xcconfig */,
				872F4B54C500E955273984D4 /* Pods-Spottp Calendar.release.xcconfig */,
			);
			name = Pods;
			sourceTree = "<group>";
		};
		8C96547F20E499910020D133 = {
			isa = PBXGroup;
			children = (
				8C96548A20E499910020D133 /* Spottp Calendar */,
				8C96548920E499910020D133 /* Products */,
				30A867CF4FF5E82CFCDC0660 /* Pods */,
				C9BBF14F04CDAF89D3C14E2A /* Frameworks */,
			);
			sourceTree = "<group>";
		};
		8C96548920E499910020D133 /* Products */ = {
			isa = PBXGroup;
			children = (
				8C96548820E499910020D133 /* Spottp Calendar.app */,
			);
			name = Products;
			sourceTree = "<group>";
		};
		8C96548A20E499910020D133 /* Spottp Calendar */ = {
			isa = PBXGroup;
			children = (
				8C96548B20E499920020D133 /* AppDelegate.swift */,
				8C109B3420E4A5E60085FC42 /* LoginViewController.swift */,
				8C96548D20E499920020D133 /* MonthViewController.swift */,
				8CA093AD20E8781700EE526E /* DayViewController.swift */,
				8C109B3220E4A3140085FC42 /* EventViewController.swift */,
				8CE0178720E5EAF800B0BA7E /* DayCollectionViewCell.swift */,
				8C96548F20E499920020D133 /* Main.storyboard */,
				8C96549520E499920020D133 /* Assets.xcassets */,
				8C96549720E499920020D133 /* LaunchScreen.storyboard */,
				8C96549A20E499920020D133 /* Info.plist */,
				8CEE74BF20E4AA8A002307CB /* GoogleService-Info.plist */,
				8C96549220E499920020D133 /* Spottp_Calendar.xcdatamodeld */,
			);
			path = "Spottp Calendar";
			sourceTree = "<group>";
		};
		C9BBF14F04CDAF89D3C14E2A /* Frameworks */ = {
			isa = PBXGroup;
			children = (
				EEB2342AB59DB9AAD3936953 /* Pods_Spottp_Calendar.framework */,
			);
			name = Frameworks;
			sourceTree = "<group>";
		};
/* End PBXGroup section */

/* Begin PBXNativeTarget section */
		8C96548720E499910020D133 /* Spottp Calendar */ = {
			isa = PBXNativeTarget;
			buildConfigurationList = 8C96549D20E499920020D133 /* Build configuration list for PBXNativeTarget "Spottp Calendar" */;
			buildPhases = (
				6C97C2A12954BDDBEEAF61D4 /* [CP] Check Pods Manifest.lock */,
				8C96548420E499910020D133 /* Sources */,
				8C96548520E499910020D133 /* Frameworks */,
				8C96548620E499910020D133 /* Resources */,
				638CCACE769EAE02ABCD4889 /* [CP] Embed Pods Frameworks */,
			);
			buildRules = (
			);
			dependencies = (
			);
			name = "Spottp Calendar";
			productName = "Spottp Calendar";
			productReference = 8C96548820E499910020D133 /* Spottp Calendar.app */;
			productType = "com.apple.product-type.application";
		};
/* End PBXNativeTarget section */

/* Begin PBXProject section */
		8C96548020E499910020D133 /* Project object */ = {
			isa = PBXProject;
			attributes = {
				LastSwiftUpdateCheck = 0920;
				LastUpgradeCheck = 0920;
				ORGANIZATIONNAME = tessa;
				TargetAttributes = {
					8C96548720E499910020D133 = {
						CreatedOnToolsVersion = 9.2;
						ProvisioningStyle = Automatic;
					};
				};
			};
			buildConfigurationList = 8C96548320E499910020D133 /* Build configuration list for PBXProject "Spottp Calendar" */;
			compatibilityVersion = "Xcode 8.0";
			developmentRegion = en;
			hasScannedForEncodings = 0;
			knownRegions = (
				en,
				Base,
			);
			mainGroup = 8C96547F20E499910020D133;
			productRefGroup = 8C96548920E499910020D133 /* Products */;
			projectDirPath = "";
			projectRoot = "";
			targets = (
				8C96548720E499910020D133 /* Spottp Calendar */,
			);
		};
/* End PBXProject section */

/* Begin PBXResourcesBuildPhase section */
		8C96548620E499910020D133 /* Resources */ = {
			isa = PBXResourcesBuildPhase;
			buildActionMask = 2147483647;
			files = (
				8C96549920E499920020D133 /* LaunchScreen.storyboard in Resources */,
				8CEE74C020E4AA8A002307CB /* GoogleService-Info.plist in Resources */,
				8C96549620E499920020D133 /* Assets.xcassets in Resources */,
				8C96549120E499920020D133 /* Main.storyboard in Resources */,
			);
			runOnlyForDeploymentPostprocessing = 0;
		};
/* End PBXResourcesBuildPhase section */

/* Begin PBXShellScriptBuildPhase section */
		638CCACE769EAE02ABCD4889 /* [CP] Embed Pods Frameworks */ = {
			isa = PBXShellScriptBuildPhase;
			buildActionMask = 2147483647;
			files = (
			);
			inputPaths = (
				"${SRCROOT}/Pods/Target Support Files/Pods-Spottp Calendar/Pods-Spottp Calendar-frameworks.sh",
				"${BUILT_PRODUCTS_DIR}/GTMSessionFetcher/GTMSessionFetcher.framework",
				"${BUILT_PRODUCTS_DIR}/GoogleToolboxForMac/GoogleToolboxForMac.framework",
				"${BUILT_PRODUCTS_DIR}/nanopb/nanopb.framework",
			);
			name = "[CP] Embed Pods Frameworks";
			outputPaths = (
				"${TARGET_BUILD_DIR}/${FRAMEWORKS_FOLDER_PATH}/GTMSessionFetcher.framework",
				"${TARGET_BUILD_DIR}/${FRAMEWORKS_FOLDER_PATH}/GoogleToolboxForMac.framework",
				"${TARGET_BUILD_DIR}/${FRAMEWORKS_FOLDER_PATH}/nanopb.framework",
			);
			runOnlyForDeploymentPostprocessing = 0;
			shellPath = /bin/sh;
			shellScript = "\"${SRCROOT}/Pods/Target Support Files/Pods-Spottp Calendar/Pods-Spottp Calendar-frameworks.sh\"\n";
			showEnvVarsInLog = 0;
		};
		6C97C2A12954BDDBEEAF61D4 /* [CP] Check Pods Manifest.lock */ = {
			isa = PBXShellScriptBuildPhase;
			buildActionMask = 2147483647;
			files = (
			);
			inputPaths = (
				"${PODS_PODFILE_DIR_PATH}/Podfile.lock",
				"${PODS_ROOT}/Manifest.lock",
			);
			name = "[CP] Check Pods Manifest.lock";
			outputPaths = (
				"$(DERIVED_FILE_DIR)/Pods-Spottp Calendar-checkManifestLockResult.txt",
			);
			runOnlyForDeploymentPostprocessing = 0;
			shellPath = /bin/sh;
			shellScript = "diff \"${PODS_PODFILE_DIR_PATH}/Podfile.lock\" \"${PODS_ROOT}/Manifest.lock\" > /dev/null\nif [ $? != 0 ] ; then\n    # print error to STDERR\n    echo \"error: The sandbox is not in sync with the Podfile.lock. Run 'pod install' or update your CocoaPods installation.\" >&2\n    exit 1\nfi\n# This output is used by Xcode 'outputs' to avoid re-running this script phase.\necho \"SUCCESS\" > \"${SCRIPT_OUTPUT_FILE_0}\"\n";
			showEnvVarsInLog = 0;
		};
/* End PBXShellScriptBuildPhase section */

/* Begin PBXSourcesBuildPhase section */
		8C96548420E499910020D133 /* Sources */ = {
			isa = PBXSourcesBuildPhase;
			buildActionMask = 2147483647;
			files = (
				8C96548E20E499920020D133 /* MonthViewController.swift in Sources */,
				8CE0178820E5EAF800B0BA7E /* DayCollectionViewCell.swift in Sources */,
				8C109B3320E4A3140085FC42 /* EventViewController.swift in Sources */,
				8C96549420E499920020D133 /* Spottp_Calendar.xcdatamodeld in Sources */,
				8C109B3520E4A5E60085FC42 /* LoginViewController.swift in Sources */,
				8CA093AE20E8781800EE526E /* DayViewController.swift in Sources */,
				8C96548C20E499920020D133 /* AppDelegate.swift in Sources */,
			);
			runOnlyForDeploymentPostprocessing = 0;
		};
/* End PBXSourcesBuildPhase section */

/* Begin PBXVariantGroup section */
		8C96548F20E499920020D133 /* Main.storyboard */ = {
			isa = PBXVariantGroup;
			children = (
				8C96549020E499920020D133 /* Base */,
			);
			name = Main.storyboard;
			sourceTree = "<group>";
		};
		8C96549720E499920020D133 /* LaunchScreen.storyboard */ = {
			isa = PBXVariantGroup;
			children = (
				8C96549820E499920020D133 /* Base */,
			);
			name = LaunchScreen.storyboard;
			sourceTree = "<group>";
		};
/* End PBXVariantGroup section */

/* Begin XCBuildConfiguration section */
		8C96549B20E499920020D133 /* Debug */ = {
			isa = XCBuildConfiguration;
			buildSettings = {
				ALWAYS_SEARCH_USER_PATHS = NO;
				CLANG_ANALYZER_NONNULL = YES;
				CLANG_ANALYZER_NUMBER_OBJECT_CONVERSION = YES_AGGRESSIVE;
				CLANG_CXX_LANGUAGE_STANDARD = "gnu++14";
				CLANG_CXX_LIBRARY = "libc++";
				CLANG_ENABLE_MODULES = YES;
				CLANG_ENABLE_OBJC_ARC = YES;
				CLANG_WARN_BLOCK_CAPTURE_AUTORELEASING = YES;
				CLANG_WARN_BOOL_CONVERSION = YES;
				CLANG_WARN_COMMA = YES;
				CLANG_WARN_CONSTANT_CONVERSION = YES;
				CLANG_WARN_DIRECT_OBJC_ISA_USAGE = YES_ERROR;
				CLANG_WARN_DOCUMENTATION_COMMENTS = YES;
				CLANG_WARN_EMPTY_BODY = YES;
				CLANG_WARN_ENUM_CONVERSION = YES;
				CLANG_WARN_INFINITE_RECURSION = YES;
				CLANG_WARN_INT_CONVERSION = YES;
				CLANG_WARN_NON_LITERAL_NULL_CONVERSION = YES;
				CLANG_WARN_OBJC_LITERAL_CONVERSION = YES;
				CLANG_WARN_OBJC_ROOT_CLASS = YES_ERROR;
				CLANG_WARN_RANGE_LOOP_ANALYSIS = YES;
				CLANG_WARN_STRICT_PROTOTYPES = YES;
				CLANG_WARN_SUSPICIOUS_MOVE = YES;
				CLANG_WARN_UNGUARDED_AVAILABILITY = YES_AGGRESSIVE;
				CLANG_WARN_UNREACHABLE_CODE = YES;
				CLANG_WARN__DUPLICATE_METHOD_MATCH = YES;
				CODE_SIGN_IDENTITY = "iPhone Developer";
				COPY_PHASE_STRIP = NO;
				DEBUG_INFORMATION_FORMAT = dwarf;
				ENABLE_STRICT_OBJC_MSGSEND = YES;
				ENABLE_TESTABILITY = YES;
				GCC_C_LANGUAGE_STANDARD = gnu11;
				GCC_DYNAMIC_NO_PIC = NO;
				GCC_NO_COMMON_BLOCKS = YES;
				GCC_OPTIMIZATION_LEVEL = 0;
				GCC_PREPROCESSOR_DEFINITIONS = (
					"DEBUG=1",
					"$(inherited)",
				);
				GCC_WARN_64_TO_32_BIT_CONVERSION = YES;
				GCC_WARN_ABOUT_RETURN_TYPE = YES_ERROR;
				GCC_WARN_UNDECLARED_SELECTOR = YES;
				GCC_WARN_UNINITIALIZED_AUTOS = YES_AGGRESSIVE;
				GCC_WARN_UNUSED_FUNCTION = YES;
				GCC_WARN_UNUSED_VARIABLE = YES;
				IPHONEOS_DEPLOYMENT_TARGET = 11.2;
				MTL_ENABLE_DEBUG_INFO = YES;
				ONLY_ACTIVE_ARCH = YES;
				SDKROOT = iphoneos;
				SWIFT_ACTIVE_COMPILATION_CONDITIONS = DEBUG;
				SWIFT_OPTIMIZATION_LEVEL = "-Onone";
			};
			name = Debug;
		};
		8C96549C20E499920020D133 /* Release */ = {
			isa = XCBuildConfiguration;
			buildSettings = {
				ALWAYS_SEARCH_USER_PATHS = NO;
				CLANG_ANALYZER_NONNULL = YES;
				CLANG_ANALYZER_NUMBER_OBJECT_CONVERSION = YES_AGGRESSIVE;
				CLANG_CXX_LANGUAGE_STANDARD = "gnu++14";
				CLANG_CXX_LIBRARY = "libc++";
				CLANG_ENABLE_MODULES = YES;
				CLANG_ENABLE_OBJC_ARC = YES;
				CLANG_WARN_BLOCK_CAPTURE_AUTORELEASING = YES;
				CLANG_WARN_BOOL_CONVERSION = YES;
				CLANG_WARN_COMMA = YES;
				CLANG_WARN_CONSTANT_CONVERSION = YES;
				CLANG_WARN_DIRECT_OBJC_ISA_USAGE = YES_ERROR;
				CLANG_WARN_DOCUMENTATION_COMMENTS = YES;
				CLANG_WARN_EMPTY_BODY = YES;
				CLANG_WARN_ENUM_CONVERSION = YES;
				CLANG_WARN_INFINITE_RECURSION = YES;
				CLANG_WARN_INT_CONVERSION = YES;
				CLANG_WARN_NON_LITERAL_NULL_CONVERSION = YES;
				CLANG_WARN_OBJC_LITERAL_CONVERSION = YES;
				CLANG_WARN_OBJC_ROOT_CLASS = YES_ERROR;
				CLANG_WARN_RANGE_LOOP_ANALYSIS = YES;
				CLANG_WARN_STRICT_PROTOTYPES = YES;
				CLANG_WARN_SUSPICIOUS_MOVE = YES;
				CLANG_WARN_UNGUARDED_AVAILABILITY = YES_AGGRESSIVE;
				CLANG_WARN_UNREACHABLE_CODE = YES;
				CLANG_WARN__DUPLICATE_METHOD_MATCH = YES;
				CODE_SIGN_IDENTITY = "iPhone Developer";
				COPY_PHASE_STRIP = NO;
				DEBUG_INFORMATION_FORMAT = "dwarf-with-dsym";
				ENABLE_NS_ASSERTIONS = NO;
				ENABLE_STRICT_OBJC_MSGSEND = YES;
				GCC_C_LANGUAGE_STANDARD = gnu11;
				GCC_NO_COMMON_BLOCKS = YES;
				GCC_WARN_64_TO_32_BIT_CONVERSION = YES;
				GCC_WARN_ABOUT_RETURN_TYPE = YES_ERROR;
				GCC_WARN_UNDECLARED_SELECTOR = YES;
				GCC_WARN_UNINITIALIZED_AUTOS = YES_AGGRESSIVE;
				GCC_WARN_UNUSED_FUNCTION = YES;
				GCC_WARN_UNUSED_VARIABLE = YES;
				IPHONEOS_DEPLOYMENT_TARGET = 11.2;
				MTL_ENABLE_DEBUG_INFO = NO;
				SDKROOT = iphoneos;
				SWIFT_OPTIMIZATION_LEVEL = "-Owholemodule";
				VALIDATE_PRODUCT = YES;
			};
			name = Release;
		};
		8C96549E20E499920020D133 /* Debug */ = {
			isa = XCBuildConfiguration;
			baseConfigurationReference = 9FA1065BEBB667DA7BCB362C /* Pods-Spottp Calendar.debug.xcconfig */;
			buildSettings = {
				ASSETCATALOG_COMPILER_APPICON_NAME = AppIcon;
				CODE_SIGN_STYLE = Automatic;
				DEVELOPMENT_TEAM = KD43HVMP94;
				INFOPLIST_FILE = "Spottp Calendar/Info.plist";
				LD_RUNPATH_SEARCH_PATHS = "$(inherited) @executable_path/Frameworks";
				PRODUCT_BUNDLE_IDENTIFIER = "tessa.Spottp-Calendar";
				PRODUCT_NAME = "$(TARGET_NAME)";
				SWIFT_VERSION = 4.0;
				TARGETED_DEVICE_FAMILY = "1,2";
			};
			name = Debug;
		};
		8C96549F20E499920020D133 /* Release */ = {
			isa = XCBuildConfiguration;
			baseConfigurationReference = 872F4B54C500E955273984D4 /* Pods-Spottp Calendar.release.xcconfig */;
			buildSettings = {
				ASSETCATALOG_COMPILER_APPICON_NAME = AppIcon;
				CODE_SIGN_STYLE = Automatic;
				DEVELOPMENT_TEAM = KD43HVMP94;
				INFOPLIST_FILE = "Spottp Calendar/Info.plist";
				LD_RUNPATH_SEARCH_PATHS = "$(inherited) @executable_path/Frameworks";
				PRODUCT_BUNDLE_IDENTIFIER = "tessa.Spottp-Calendar";
				PRODUCT_NAME = "$(TARGET_NAME)";
				SWIFT_VERSION = 4.0;
				TARGETED_DEVICE_FAMILY = "1,2";
			};
			name = Release;
		};
/* End XCBuildConfiguration section */

/* Begin XCConfigurationList section */
		8C96548320E499910020D133 /* Build configuration list for PBXProject "Spottp Calendar" */ = {
			isa = XCConfigurationList;
			buildConfigurations = (
				8C96549B20E499920020D133 /* Debug */,
				8C96549C20E499920020D133 /* Release */,
			);
			defaultConfigurationIsVisible = 0;
			defaultConfigurationName = Release;
		};
		8C96549D20E499920020D133 /* Build configuration list for PBXNativeTarget "Spottp Calendar" */ = {
			isa = XCConfigurationList;
			buildConfigurations = (
				8C96549E20E499920020D133 /* Debug */,
				8C96549F20E499920020D133 /* Release */,
			);
			defaultConfigurationIsVisible = 0;
			defaultConfigurationName = Release;
		};
/* End XCConfigurationList section */

/* Begin XCVersionGroup section */
		8C96549220E499920020D133 /* Spottp_Calendar.xcdatamodeld */ = {
			isa = XCVersionGroup;
			children = (
				8C96549320E499920020D133 /* Spottp_Calendar.xcdatamodel */,
			);
			currentVersion = 8C96549320E499920020D133 /* Spottp_Calendar.xcdatamodel */;
			path = Spottp_Calendar.xcdatamodeld;
			sourceTree = "<group>";
			versionGroupType = wrapper.xcdatamodel;
		};
/* End XCVersionGroup section */
	};
	rootObject = 8C96548020E499910020D133 /* Project object */;
}
